speakeasyVersion: 1.606.5
sources:
    Esv-OAS:
        sourceNamespace: esv-oas
        sourceRevisionDigest: sha256:f46fe7caf10d4567e931fa81d1532054288617e4c1a38fbfe1e04ea139013cdf
        sourceBlobDigest: sha256:fe29c5d31956d9b7fd13f4c24dd512e789495ddc298726d415fc092fee940153
        tags:
            - latest
            - speakeasy-sdk-regen-1754440400
            - 1.0.0
targets:
    esv:
        source: Esv-OAS
        sourceNamespace: esv-oas
        sourceRevisionDigest: sha256:f46fe7caf10d4567e931fa81d1532054288617e4c1a38fbfe1e04ea139013cdf
        sourceBlobDigest: sha256:fe29c5d31956d9b7fd13f4c24dd512e789495ddc298726d415fc092fee940153
        codeSamplesNamespace: esv-oas-java-code-samples
        codeSamplesRevisionDigest: sha256:e79b2f5d169082cce732ed6cd39bf1c61433d0bb076abee3f2dba20910c782c6
workflow:
    workflowVersion: 1.0.0
    speakeasyVersion: latest
    sources:
        Esv-OAS:
            inputs:
                - location: registry.speakeasyapi.dev/walker/esv/esv-org-api:main
            overlays:
                - location: overlay.yaml
            registry:
                location: registry.speakeasyapi.dev/walker/esv/esv-oas
    targets:
        esv:
            target: java
            source: Esv-OAS
            publish:
                java:
                    ossrhUsername: $ossrh_username
                    ossrhPassword: $ossrh_password
                    gpgSecretKey: $java_gpg_secret_key
                    gpgPassPhrase: $java_gpg_passphrase
            codeSamples:
                registry:
                    location: registry.speakeasyapi.dev/walker/esv/esv-oas-java-code-samples
                labelOverride:
                    fixedValue: Java (SDK)
                blocking: false
