speakeasyVersion: 1.612.1
sources:
    Esv-OAS:
        sourceNamespace: esv-oas
        sourceRevisionDigest: sha256:f46fe7caf10d4567e931fa81d1532054288617e4c1a38fbfe1e04ea139013cdf
        sourceBlobDigest: sha256:fe29c5d31956d9b7fd13f4c24dd512e789495ddc298726d415fc092fee940153
        tags:
            - latest
            - speakeasy-sdk-regen-1757344145
            - 1.0.0
targets:
    esv:
        source: Esv-OAS
        sourceNamespace: esv-oas
        sourceRevisionDigest: sha256:f46fe7caf10d4567e931fa81d1532054288617e4c1a38fbfe1e04ea139013cdf
        sourceBlobDigest: sha256:fe29c5d31956d9b7fd13f4c24dd512e789495ddc298726d415fc092fee940153
        codeSamplesNamespace: esv-oas-java-code-samples
        codeSamplesRevisionDigest: sha256:c4083b62b2ea21eb8c5bb9a0fbbca0174a82a2e63cf40cab88ce4e2fea63fc14
workflow:
    workflowVersion: 1.0.0
    speakeasyVersion: latest
    sources:
        Esv-OAS:
            inputs:
                - location: registry.speakeasyapi.dev/walker/esv/esv-org-api:main
            overlays:
                - location: overlay.yaml
            registry:
                location: registry.speakeasyapi.dev/walker/esv/esv-oas
    targets:
        esv:
            target: java
            source: Esv-OAS
            publish:
                java:
                    ossrhUsername: $ossrh_username
                    ossrhPassword: $ossrh_password
                    gpgSecretKey: $java_gpg_secret_key
                    gpgPassPhrase: $java_gpg_passphrase
            codeSamples:
                registry:
                    location: registry.speakeasyapi.dev/walker/esv/esv-oas-java-code-samples
                labelOverride:
                    fixedValue: Java (SDK)
                blocking: false
