speakeasyVersion: 1.521.0
sources:
    Esv-OAS:
        sourceNamespace: esv-oas
        sourceRevisionDigest: sha256:75ff49ecbe972f7f63348be68881e0ae4413eb197c4791ded4096ca344483e48
        sourceBlobDigest: sha256:bc1f0db2efbf43f855ff9ff75bbc7bfd69cf014a36f0b84023c017720e96ccfc
        tags:
            - latest
            - speakeasy-sdk-regen-1742484550
            - 1.0.0
targets:
    esv:
        source: Esv-OAS
        sourceNamespace: esv-oas
        sourceRevisionDigest: sha256:75ff49ecbe972f7f63348be68881e0ae4413eb197c4791ded4096ca344483e48
        sourceBlobDigest: sha256:bc1f0db2efbf43f855ff9ff75bbc7bfd69cf014a36f0b84023c017720e96ccfc
        codeSamplesNamespace: esv-oas-java-code-samples
        codeSamplesRevisionDigest: sha256:f097e3560d5c4d76c76ade1b34c8972207c1e7bfee7cf7101840e389f066913c
workflow:
    workflowVersion: 1.0.0
    speakeasyVersion: latest
    sources:
        Esv-OAS:
            inputs:
                - location: registry.speakeasyapi.dev/walker/esv/esv-org-api:main
            overlays:
                - location: overlay.yaml
            registry:
                location: registry.speakeasyapi.dev/walker/esv/esv-oas
    targets:
        esv:
            target: java
            source: Esv-OAS
            publish:
                java:
                    ossrhUsername: $ossrh_username
                    ossrhPassword: $ossrh_password
                    gpgSecretKey: $java_gpg_secret_key
                    gpgPassPhrase: $java_gpg_passphrase
            codeSamples:
                registry:
                    location: registry.speakeasyapi.dev/walker/esv/esv-oas-java-code-samples
                labelOverride:
                    fixedValue: Java (SDK)
                blocking: false
